
Microsoft Visual Studio Solution File, Format Version 12.00
# Visual Studio Version 17
VisualStudioVersion = 17.11.35327.3
MinimumVisualStudioVersion = 10.0.40219.1
Project("{FAE04EC0-301F-11D3-BF4B-00C04F79EFBC}") = "methirdhomework", "methirdhomework\methirdhomework.csproj", "{6E75E84F-2155-4DED-99E8-569D6F668E2E}"
EndProject
Global
	GlobalSection(SolutionConfigurationPlatforms) = preSolution
		Debug|Any CPU = Debug|Any CPU
		Release|Any CPU = Release|Any CPU
	EndGlobalSection
	GlobalSection(ProjectConfigurationPlatforms) = postSolution
		{6E75E84F-2155-4DED-99E8-569D6F668E2E}.Debug|Any CPU.ActiveCfg = Debug|Any CPU
		{6E75E84F-2155-4DED-99E8-569D6F668E2E}.Debug|Any CPU.Build.0 = Debug|Any CPU
		{6E75E84F-2155-4DED-99E8-569D6F668E2E}.Release|Any CPU.ActiveCfg = Release|Any CPU
		{6E75E84F-2155-4DED-99E8-569D6F668E2E}.Release|Any CPU.Build.0 = Release|Any CPU
	EndGlobalSection
	GlobalSection(SolutionProperties) = preSolution
		HideSolutionNode = FALSE
	EndGlobalSection
	GlobalSection(ExtensibilityGlobals) = postSolution
		SolutionGuid = {320732BB-EB8D-4633-8002-B1FF17011475}
	EndGlobalSection
EndGlobal
